{
	"name": "browsequire",
	"version": "1.0.0",
	"lockfileVersion": 1,
	"requires": true,
	"dependencies": {
		"@dmuy/toast": {
			"version": "2.0.2",
			"resolved": "https://registry.npmjs.org/@dmuy/toast/-/toast-2.0.2.tgz",
			"integrity": "sha512-sEkRhZqP4jAs2zlZNOZ9SMyNt+4CWmlaUNVeg0t+hNdGBwx65LtT4zB94fL15PGu7Sb4tTiCdxZWnvLo+eSz1Q=="
		}
	}
}
